
Microsoft Visual Studio Solution File, Format Version 12.00
# Visual Studio Version 16
VisualStudioVersion = 16.0.30503.244
MinimumVisualStudioVersion = 10.0.40219.1
Project("{FAE04EC0-301F-11D3-BF4B-00C04F79EFBC}") = "HINVenture.Server", "HINVenture\Server\HINVenture.Server.csproj", "{F4D98090-2A6D-4063-BB39-0E84E6F8C53A}"
EndProject
Project("{FAE04EC0-301F-11D3-BF4B-00C04F79EFBC}") = "HINVenture.Client", "HINVenture\Client\HINVenture.Client.csproj", "{67B2B273-AC41-4BF6-9A72-7541D1771CAA}"
EndProject
Project("{FAE04EC0-301F-11D3-BF4B-00C04F79EFBC}") = "HINVenture.Shared", "HINVenture\Shared\HINVenture.Shared.csproj", "{EEE55BD5-0626-4364-8EC6-3E96A1D2EBFA}"
EndProject
Global
	GlobalSection(SolutionConfigurationPlatforms) = preSolution
		Debug|Any CPU = Debug|Any CPU
		Release|Any CPU = Release|Any CPU
	EndGlobalSection
	GlobalSection(ProjectConfigurationPlatforms) = postSolution
		{F4D98090-2A6D-4063-BB39-0E84E6F8C53A}.Debug|Any CPU.ActiveCfg = Debug|Any CPU
		{F4D98090-2A6D-4063-BB39-0E84E6F8C53A}.Debug|Any CPU.Build.0 = Debug|Any CPU
		{F4D98090-2A6D-4063-BB39-0E84E6F8C53A}.Release|Any CPU.ActiveCfg = Release|Any CPU
		{F4D98090-2A6D-4063-BB39-0E84E6F8C53A}.Release|Any CPU.Build.0 = Release|Any CPU
		{67B2B273-AC41-4BF6-9A72-7541D1771CAA}.Debug|Any CPU.ActiveCfg = Debug|Any CPU
		{67B2B273-AC41-4BF6-9A72-7541D1771CAA}.Debug|Any CPU.Build.0 = Debug|Any CPU
		{67B2B273-AC41-4BF6-9A72-7541D1771CAA}.Release|Any CPU.ActiveCfg = Release|Any CPU
		{67B2B273-AC41-4BF6-9A72-7541D1771CAA}.Release|Any CPU.Build.0 = Release|Any CPU
		{EEE55BD5-0626-4364-8EC6-3E96A1D2EBFA}.Debug|Any CPU.ActiveCfg = Debug|Any CPU
		{EEE55BD5-0626-4364-8EC6-3E96A1D2EBFA}.Debug|Any CPU.Build.0 = Debug|Any CPU
		{EEE55BD5-0626-4364-8EC6-3E96A1D2EBFA}.Release|Any CPU.ActiveCfg = Release|Any CPU
		{EEE55BD5-0626-4364-8EC6-3E96A1D2EBFA}.Release|Any CPU.Build.0 = Release|Any CPU
	EndGlobalSection
	GlobalSection(SolutionProperties) = preSolution
		HideSolutionNode = FALSE
	EndGlobalSection
	GlobalSection(ExtensibilityGlobals) = postSolution
		SolutionGuid = {7761F1E0-6A69-4A43-AEFF-E6354D4C3442}
	EndGlobalSection
EndGlobal
